{
  "name": "@miaolin1993-cli/exec",
  "version": "1.0.0",
  "lockfileVersion": 2,
  "requires": true,
  "packages": {
    "": {
      "name": "@miaolin1993-cli/exec",
      "version": "1.0.0",
      "license": "ISC",
      "dependencies": {
        "@miaolin1993-cli/log": "file:../../utils/log",
        "@miaolin1993-cli/package": "file:../../models/package",
        "@miaolin1993-cli/utils": "file:../../utils/utils"
      }
    },
    "../../models/package": {
      "name": "@miaolin1993-cli/package",
      "version": "1.0.0",
      "license": "ISC",
      "dependencies": {
        "@miaolin1993-cli/format-path": "file:../../utils/format-path",
        "@miaolin1993-cli/get-npm-info": "file:../../utils/get-npm-info",
        "@miaolin1993-cli/utils": "file:../../utils/utils",
        "fs-extra": "^7.0.1",
        "npminstall": "^7.6.0",
        "path-exists": "^4.0.0",
        "pkg-dir": "^5.0.0"
      }
    },
    "../../utils/log": {
      "name": "@miaolin1993-cli/log",
      "version": "1.0.0",
      "license": "ISC",
      "dependencies": {
        "npmlog": "^7.0.1"
      }
    },
    "../../utils/utils": {
      "name": "@miaolin1993-cli/utils",
      "version": "1.0.8",
      "license": "ISC",
      "dependencies": {
        "cli-spinner": "^0.2.10"
      }
    },
    "node_modules/@miaolin1993-cli/log": {
      "resolved": "../../utils/log",
      "link": true
    },
    "node_modules/@miaolin1993-cli/package": {
      "resolved": "../../models/package",
      "link": true
    },
    "node_modules/@miaolin1993-cli/utils": {
      "resolved": "../../utils/utils",
      "link": true
    }
  },
  "dependencies": {
    "@miaolin1993-cli/log": {
      "version": "file:../../utils/log",
      "requires": {
        "npmlog": "^7.0.1"
      }
    },
    "@miaolin1993-cli/package": {
      "version": "file:../../models/package",
      "requires": {
        "@miaolin1993-cli/format-path": "file:../../utils/format-path",
        "@miaolin1993-cli/get-npm-info": "file:../../utils/get-npm-info",
        "@miaolin1993-cli/utils": "file:../../utils/utils",
        "fs-extra": "^7.0.1",
        "npminstall": "^7.6.0",
        "path-exists": "^4.0.0",
        "pkg-dir": "^5.0.0"
      }
    },
    "@miaolin1993-cli/utils": {
      "version": "file:../../utils/utils",
      "requires": {
        "cli-spinner": "^0.2.10"
      }
    }
  }
}
